
Microsoft Visual Studio Solution File, Format Version 12.00
# Visual Studio Version 17
VisualStudioVersion = 17.14.36414.22 d17.14
MinimumVisualStudioVersion = 10.0.40219.1
Project("{FAE04EC0-301F-11D3-BF4B-00C04F79EFBC}") = "Assignment_2_10-08-2025", "Assignment_2_10-08-2025\Assignment_2_10-08-2025.csproj", "{C1147062-D614-4801-A2CC-29D21018C36B}"
EndProject
Global
	GlobalSection(SolutionConfigurationPlatforms) = preSolution
		Debug|Any CPU = Debug|Any CPU
		Release|Any CPU = Release|Any CPU
	EndGlobalSection
	GlobalSection(ProjectConfigurationPlatforms) = postSolution
		{C1147062-D614-4801-A2CC-29D21018C36B}.Debug|Any CPU.ActiveCfg = Debug|Any CPU
		{C1147062-D614-4801-A2CC-29D21018C36B}.Debug|Any CPU.Build.0 = Debug|Any CPU
		{C1147062-D614-4801-A2CC-29D21018C36B}.Release|Any CPU.ActiveCfg = Release|Any CPU
		{C1147062-D614-4801-A2CC-29D21018C36B}.Release|Any CPU.Build.0 = Release|Any CPU
	EndGlobalSection
	GlobalSection(SolutionProperties) = preSolution
		HideSolutionNode = FALSE
	EndGlobalSection
	GlobalSection(ExtensibilityGlobals) = postSolution
		SolutionGuid = {F36C1B7A-D7DE-4537-B257-99A170C023E1}
	EndGlobalSection
EndGlobal
